
Microsoft Visual Studio Solution File, Format Version 12.00
# Visual Studio Version 17
VisualStudioVersion = 17.7.34031.279
MinimumVisualStudioVersion = 10.0.40219.1
Project("{FAE04EC0-301F-11D3-BF4B-00C04F79EFBC}") = "TV", "TV\TV.csproj", "{DBA6E78D-0A2B-4010-88BA-874A153E88D7}"
EndProject
Global
	GlobalSection(SolutionConfigurationPlatforms) = preSolution
		Debug|x64 = Debug|x64
	EndGlobalSection
	GlobalSection(ProjectConfigurationPlatforms) = postSolution
		{DBA6E78D-0A2B-4010-88BA-874A153E88D7}.Debug|x64.ActiveCfg = Debug|x64
		{DBA6E78D-0A2B-4010-88BA-874A153E88D7}.Debug|x64.Build.0 = Debug|x64
	EndGlobalSection
	GlobalSection(SolutionProperties) = preSolution
		HideSolutionNode = FALSE
	EndGlobalSection
	GlobalSection(ExtensibilityGlobals) = postSolution
		SolutionGuid = {80C93EC1-5A29-480E-9978-65D7AFD76D40}
	EndGlobalSection
EndGlobal
